
Microsoft Visual Studio Solution File, Format Version 12.00
# Visual Studio Version 16
VisualStudioVersion = 16.0.30406.217
MinimumVisualStudioVersion = 10.0.40219.1
Project("{FAE04EC0-301F-11D3-BF4B-00C04F79EFBC}") = "ImeSharp", "ImeSharp\ImeSharp.csproj", "{EC9C90A4-82D3-4B5E-AFFA-31E562DCCBF7}"
EndProject
Project("{FAE04EC0-301F-11D3-BF4B-00C04F79EFBC}") = "ImeSharp.Demo", "ImeSharp.Demo\ImeSharp.Demo.csproj", "{6E10BE80-F0A4-4E75-A6C9-8BD21034B794}"
EndProject
Project("{8BC9CEB8-8B4A-11D0-8D11-00A0C91BC942}") = "libtfWrapper", "libtf\libtfWrapper\libtfWrapper.vcxproj", "{1764E7D0-EF03-42BD-BDFE-C4BCD059D094}"
EndProject
Project("{8BC9CEB8-8B4A-11D0-8D11-00A0C91BC942}") = "libtf", "libtf\libtf\libtf.vcxproj", "{6B9E60B4-51B6-40B0-884A-A5D07081302A}"
EndProject
Global
	GlobalSection(SolutionConfigurationPlatforms) = preSolution
		Debug|Any CPU = Debug|Any CPU
		Release|Any CPU = Release|Any CPU
	EndGlobalSection
	GlobalSection(ProjectConfigurationPlatforms) = postSolution
		{EC9C90A4-82D3-4B5E-AFFA-31E562DCCBF7}.Debug|Any CPU.ActiveCfg = Debug|Any CPU
		{EC9C90A4-82D3-4B5E-AFFA-31E562DCCBF7}.Debug|Any CPU.Build.0 = Debug|Any CPU
		{EC9C90A4-82D3-4B5E-AFFA-31E562DCCBF7}.Release|Any CPU.ActiveCfg = Release|Any CPU
		{EC9C90A4-82D3-4B5E-AFFA-31E562DCCBF7}.Release|Any CPU.Build.0 = Release|Any CPU
		{6E10BE80-F0A4-4E75-A6C9-8BD21034B794}.Debug|Any CPU.ActiveCfg = Debug|Any CPU
		{6E10BE80-F0A4-4E75-A6C9-8BD21034B794}.Debug|Any CPU.Build.0 = Debug|Any CPU
		{6E10BE80-F0A4-4E75-A6C9-8BD21034B794}.Release|Any CPU.ActiveCfg = Release|Any CPU
		{6E10BE80-F0A4-4E75-A6C9-8BD21034B794}.Release|Any CPU.Build.0 = Release|Any CPU
	EndGlobalSection
	GlobalSection(SolutionProperties) = preSolution
		HideSolutionNode = FALSE
	EndGlobalSection
	GlobalSection(ExtensibilityGlobals) = postSolution
		SolutionGuid = {0601EF22-12D9-4E76-A122-488A96AFDAB9}
	EndGlobalSection
EndGlobal
